// !$*UTF8*$!
{
	archiveVersion = 1;
	classes = {
	};
	objectVersion = 50;
	objects = {

/* Begin PBXBuildFile section */
		DFFF7236286643080041E09E /* AppDelegate.swift in Sources */ = {isa = PBXBuildFile; fileRef = DFFF7235286643080041E09E /* AppDelegate.swift */; };
		DFFF7238286643080041E09E /* SceneDelegate.swift in Sources */ = {isa = PBXBuildFile; fileRef = DFFF7237286643080041E09E /* SceneDelegate.swift */; };
		DFFF723A286643080041E09E /* ViewController.swift in Sources */ = {isa = PBXBuildFile; fileRef = DFFF7239286643080041E09E /* ViewController.swift */; };
		DFFF723D286643080041E09E /* Main.storyboard in Resources */ = {isa = PBXBuildFile; fileRef = DFFF723B286643080041E09E /* Main.storyboard */; };
		DFFF723F2866430B0041E09E /* Assets.xcassets in Resources */ = {isa = PBXBuildFile; fileRef = DFFF723E2866430B0041E09E /* Assets.xcassets */; };
		DFFF72422866430B0041E09E /* LaunchScreen.storyboard in Resources */ = {isa = PBXBuildFile; fileRef = DFFF72402866430B0041E09E /* LaunchScreen.storyboard */; };
		DFFF724A2866697E0041E09E /* MoreInfoViewController.swift in Sources */ = {isa = PBXBuildFile; fileRef = DFFF72492866697E0041E09E /* MoreInfoViewController.swift */; };
		DFFF724F2867C51E0041E09E /* WebKit.framework in Frameworks */ = {isa = PBXBuildFile; fileRef = DFFF724E2867C51E0041E09E /* WebKit.framework */; };
/* End PBXBuildFile section */

/* Begin PBXFileReference section */
		DFFF7232286643080041E09E /* BMI-part2.app */ = {isa = PBXFileReference; explicitFileType = wrapper.application; includeInIndex = 0; path = "BMI-part2.app"; sourceTree = BUILT_PRODUCTS_DIR; };
		DFFF7235286643080041E09E /* AppDelegate.swift */ = {isa = PBXFileReference; lastKnownFileType = sourcecode.swift; path = AppDelegate.swift; sourceTree = "<group>"; };
		DFFF7237286643080041E09E /* SceneDelegate.swift */ = {isa = PBXFileReference; lastKnownFileType = sourcecode.swift; path = SceneDelegate.swift; sourceTree = "<group>"; };
		DFFF7239286643080041E09E /* ViewController.swift */ = {isa = PBXFileReference; lastKnownFileType = sourcecode.swift; path = ViewController.swift; sourceTree = "<group>"; };
		DFFF723C286643080041E09E /* Base */ = {isa = PBXFileReference; lastKnownFileType = file.storyboard; name = Base; path = Base.lproj/Main.storyboard; sourceTree = "<group>"; };
		DFFF723E2866430B0041E09E /* Assets.xcassets */ = {isa = PBXFileReference; lastKnownFileType = folder.assetcatalog; path = Assets.xcassets; sourceTree = "<group>"; };
		DFFF72412866430B0041E09E /* Base */ = {isa = PBXFileReference; lastKnownFileType = file.storyboard; name = Base; path = Base.lproj/LaunchScreen.storyboard; sourceTree = "<group>"; };
		DFFF72432866430B0041E09E /* Info.plist */ = {isa = PBXFileReference; lastKnownFileType = text.plist.xml; path = Info.plist; sourceTree = "<group>"; };
		DFFF72492866697E0041E09E /* MoreInfoViewController.swift */ = {isa = PBXFileReference; lastKnownFileType = sourcecode.swift; path = MoreInfoViewController.swift; sourceTree = "<group>"; };
		DFFF724E2867C51E0041E09E /* WebKit.framework */ = {isa = PBXFileReference; lastKnownFileType = wrapper.framework; name = WebKit.framework; path = System/Library/Frameworks/WebKit.framework; sourceTree = SDKROOT; };
/* End PBXFileReference section */

/* Begin PBXFrameworksBuildPhase section */
		DFFF722F286643080041E09E /* Frameworks */ = {
			isa = PBXFrameworksBuildPhase;
			buildActionMask = 2147483647;
			files = (
				DFFF724F2867C51E0041E09E /* WebKit.framework in Frameworks */,
			);
			runOnlyForDeploymentPostprocessing = 0;
		};
/* End PBXFrameworksBuildPhase section */

/* Begin PBXGroup section */
		DFFF7229286643080041E09E = {
			isa = PBXGroup;
			children = (
				DFFF7234286643080041E09E /* BMI-part2 */,
				DFFF7233286643080041E09E /* Products */,
				DFFF724D2867C51D0041E09E /* Frameworks */,
			);
			sourceTree = "<group>";
		};
		DFFF7233286643080041E09E /* Products */ = {
			isa = PBXGroup;
			children = (
				DFFF7232286643080041E09E /* BMI-part2.app */,
			);
			name = Products;
			sourceTree = "<group>";
		};
		DFFF7234286643080041E09E /* BMI-part2 */ = {
			isa = PBXGroup;
			children = (
				DFFF7235286643080041E09E /* AppDelegate.swift */,
				DFFF7237286643080041E09E /* SceneDelegate.swift */,
				DFFF7239286643080041E09E /* ViewController.swift */,
				DFFF72492866697E0041E09E /* MoreInfoViewController.swift */,
				DFFF723B286643080041E09E /* Main.storyboard */,
				DFFF723E2866430B0041E09E /* Assets.xcassets */,
				DFFF72402866430B0041E09E /* LaunchScreen.storyboard */,
				DFFF72432866430B0041E09E /* Info.plist */,
			);
			path = "BMI-part2";
			sourceTree = "<group>";
		};
		DFFF724D2867C51D0041E09E /* Frameworks */ = {
			isa = PBXGroup;
			children = (
				DFFF724E2867C51E0041E09E /* WebKit.framework */,
			);
			name = Frameworks;
			sourceTree = "<group>";
		};
/* End PBXGroup section */

/* Begin PBXNativeTarget section */
		DFFF7231286643080041E09E /* BMI-part2 */ = {
			isa = PBXNativeTarget;
			buildConfigurationList = DFFF72462866430B0041E09E /* Build configuration list for PBXNativeTarget "BMI-part2" */;
			buildPhases = (
				DFFF722E286643080041E09E /* Sources */,
				DFFF722F286643080041E09E /* Frameworks */,
				DFFF7230286643080041E09E /* Resources */,
			);
			buildRules = (
			);
			dependencies = (
			);
			name = "BMI-part2";
			productName = "BMI-part2";
			productReference = DFFF7232286643080041E09E /* BMI-part2.app */;
			productType = "com.apple.product-type.application";
		};
/* End PBXNativeTarget section */

/* Begin PBXProject section */
		DFFF722A286643080041E09E /* Project object */ = {
			isa = PBXProject;
			attributes = {
				LastSwiftUpdateCheck = 1170;
				LastUpgradeCheck = 1170;
				ORGANIZATIONNAME = zhaos;
				TargetAttributes = {
					DFFF7231286643080041E09E = {
						CreatedOnToolsVersion = 11.7;
					};
				};
			};
			buildConfigurationList = DFFF722D286643080041E09E /* Build configuration list for PBXProject "BMI-part2" */;
			compatibilityVersion = "Xcode 9.3";
			developmentRegion = en;
			hasScannedForEncodings = 0;
			knownRegions = (
				en,
				Base,
			);
			mainGroup = DFFF7229286643080041E09E;
			productRefGroup = DFFF7233286643080041E09E /* Products */;
			projectDirPath = "";
			projectRoot = "";
			targets = (
				DFFF7231286643080041E09E /* BMI-part2 */,
			);
		};
/* End PBXProject section */

/* Begin PBXResourcesBuildPhase section */
		DFFF7230286643080041E09E /* Resources */ = {
			isa = PBXResourcesBuildPhase;
			buildActionMask = 2147483647;
			files = (
				DFFF72422866430B0041E09E /* LaunchScreen.storyboard in Resources */,
				DFFF723F2866430B0041E09E /* Assets.xcassets in Resources */,
				DFFF723D286643080041E09E /* Main.storyboard in Resources */,
			);
			runOnlyForDeploymentPostprocessing = 0;
		};
/* End PBXResourcesBuildPhase section */

/* Begin PBXSourcesBuildPhase section */
		DFFF722E286643080041E09E /* Sources */ = {
			isa = PBXSourcesBuildPhase;
			buildActionMask = 2147483647;
			files = (
				DFFF723A286643080041E09E /* ViewController.swift in Sources */,
				DFFF724A2866697E0041E09E /* MoreInfoViewController.swift in Sources */,
				DFFF7236286643080041E09E /* AppDelegate.swift in Sources */,
				DFFF7238286643080041E09E /* SceneDelegate.swift in Sources */,
			);
			runOnlyForDeploymentPostprocessing = 0;
		};
/* End PBXSourcesBuildPhase section */

/* Begin PBXVariantGroup section */
		DFFF723B286643080041E09E /* Main.storyboard */ = {
			isa = PBXVariantGroup;
			children = (
				DFFF723C286643080041E09E /* Base */,
			);
			name = Main.storyboard;
			sourceTree = "<group>";
		};
		DFFF72402866430B0041E09E /* LaunchScreen.storyboard */ = {
			isa = PBXVariantGroup;
			children = (
				DFFF72412866430B0041E09E /* Base */,
			);
			name = LaunchScreen.storyboard;
			sourceTree = "<group>";
		};
/* End PBXVariantGroup section */

/* Begin XCBuildConfiguration section */
		DFFF72442866430B0041E09E /* Debug */ = {
			isa = XCBuildConfiguration;
			buildSettings = {
				ALWAYS_SEARCH_USER_PATHS = NO;
				CLANG_ANALYZER_NONNULL = YES;
				CLANG_ANALYZER_NUMBER_OBJECT_CONVERSION = YES_AGGRESSIVE;
				CLANG_CXX_LANGUAGE_STANDARD = "gnu++14";
				CLANG_CXX_LIBRARY = "libc++";
				CLANG_ENABLE_MODULES = YES;
				CLANG_ENABLE_OBJC_ARC = YES;
				CLANG_ENABLE_OBJC_WEAK = YES;
				CLANG_WARN_BLOCK_CAPTURE_AUTORELEASING = YES;
				CLANG_WARN_BOOL_CONVERSION = YES;
				CLANG_WARN_COMMA = YES;
				CLANG_WARN_CONSTANT_CONVERSION = YES;
				CLANG_WARN_DEPRECATED_OBJC_IMPLEMENTATIONS = YES;
				CLANG_WARN_DIRECT_OBJC_ISA_USAGE = YES_ERROR;
				CLANG_WARN_DOCUMENTATION_COMMENTS = YES;
				CLANG_WARN_EMPTY_BODY = YES;
				CLANG_WARN_ENUM_CONVERSION = YES;
				CLANG_WARN_INFINITE_RECURSION = YES;
				CLANG_WARN_INT_CONVERSION = YES;
				CLANG_WARN_NON_LITERAL_NULL_CONVERSION = YES;
				CLANG_WARN_OBJC_IMPLICIT_RETAIN_SELF = YES;
				CLANG_WARN_OBJC_LITERAL_CONVERSION = YES;
				CLANG_WARN_OBJC_ROOT_CLASS = YES_ERROR;
				CLANG_WARN_RANGE_LOOP_ANALYSIS = YES;
				CLANG_WARN_STRICT_PROTOTYPES = YES;
				CLANG_WARN_SUSPICIOUS_MOVE = YES;
				CLANG_WARN_UNGUARDED_AVAILABILITY = YES_AGGRESSIVE;
				CLANG_WARN_UNREACHABLE_CODE = YES;
				CLANG_WARN__DUPLICATE_METHOD_MATCH = YES;
				COPY_PHASE_STRIP = NO;
				DEBUG_INFORMATION_FORMAT = dwarf;
				ENABLE_STRICT_OBJC_MSGSEND = YES;
				ENABLE_TESTABILITY = YES;
				GCC_C_LANGUAGE_STANDARD = gnu11;
				GCC_DYNAMIC_NO_PIC = NO;
				GCC_NO_COMMON_BLOCKS = YES;
				GCC_OPTIMIZATION_LEVEL = 0;
				GCC_PREPROCESSOR_DEFINITIONS = (
					"DEBUG=1",
					"$(inherited)",
				);
				GCC_WARN_64_TO_32_BIT_CONVERSION = YES;
				GCC_WARN_ABOUT_RETURN_TYPE = YES_ERROR;
				GCC_WARN_UNDECLARED_SELECTOR = YES;
				GCC_WARN_UNINITIALIZED_AUTOS = YES_AGGRESSIVE;
				GCC_WARN_UNUSED_FUNCTION = YES;
				GCC_WARN_UNUSED_VARIABLE = YES;
				IPHONEOS_DEPLOYMENT_TARGET = 13.7;
				MTL_ENABLE_DEBUG_INFO = INCLUDE_SOURCE;
				MTL_FAST_MATH = YES;
				ONLY_ACTIVE_ARCH = YES;
				SDKROOT = iphoneos;
				SWIFT_ACTIVE_COMPILATION_CONDITIONS = DEBUG;
				SWIFT_OPTIMIZATION_LEVEL = "-Onone";
			};
			name = Debug;
		};
		DFFF72452866430B0041E09E /* Release */ = {
			isa = XCBuildConfiguration;
			buildSettings = {
				ALWAYS_SEARCH_USER_PATHS = NO;
				CLANG_ANALYZER_NONNULL = YES;
				CLANG_ANALYZER_NUMBER_OBJECT_CONVERSION = YES_AGGRESSIVE;
				CLANG_CXX_LANGUAGE_STANDARD = "gnu++14";
				CLANG_CXX_LIBRARY = "libc++";
				CLANG_ENABLE_MODULES = YES;
				CLANG_ENABLE_OBJC_ARC = YES;
				CLANG_ENABLE_OBJC_WEAK = YES;
				CLANG_WARN_BLOCK_CAPTURE_AUTORELEASING = YES;
				CLANG_WARN_BOOL_CONVERSION = YES;
				CLANG_WARN_COMMA = YES;
				CLANG_WARN_CONSTANT_CONVERSION = YES;
				CLANG_WARN_DEPRECATED_OBJC_IMPLEMENTATIONS = YES;
				CLANG_WARN_DIRECT_OBJC_ISA_USAGE = YES_ERROR;
				CLANG_WARN_DOCUMENTATION_COMMENTS = YES;
				CLANG_WARN_EMPTY_BODY = YES;
				CLANG_WARN_ENUM_CONVERSION = YES;
				CLANG_WARN_INFINITE_RECURSION = YES;
				CLANG_WARN_INT_CONVERSION = YES;
				CLANG_WARN_NON_LITERAL_NULL_CONVERSION = YES;
				CLANG_WARN_OBJC_IMPLICIT_RETAIN_SELF = YES;
				CLANG_WARN_OBJC_LITERAL_CONVERSION = YES;
				CLANG_WARN_OBJC_ROOT_CLASS = YES_ERROR;
				CLANG_WARN_RANGE_LOOP_ANALYSIS = YES;
				CLANG_WARN_STRICT_PROTOTYPES = YES;
				CLANG_WARN_SUSPICIOUS_MOVE = YES;
				CLANG_WARN_UNGUARDED_AVAILABILITY = YES_AGGRESSIVE;
				CLANG_WARN_UNREACHABLE_CODE = YES;
				CLANG_WARN__DUPLICATE_METHOD_MATCH = YES;
				COPY_PHASE_STRIP = NO;
				DEBUG_INFORMATION_FORMAT = "dwarf-with-dsym";
				ENABLE_NS_ASSERTIONS = NO;
				ENABLE_STRICT_OBJC_MSGSEND = YES;
				GCC_C_LANGUAGE_STANDARD = gnu11;
				GCC_NO_COMMON_BLOCKS = YES;
				GCC_WARN_64_TO_32_BIT_CONVERSION = YES;
				GCC_WARN_ABOUT_RETURN_TYPE = YES_ERROR;
				GCC_WARN_UNDECLARED_SELECTOR = YES;
				GCC_WARN_UNINITIALIZED_AUTOS = YES_AGGRESSIVE;
				GCC_WARN_UNUSED_FUNCTION = YES;
				GCC_WARN_UNUSED_VARIABLE = YES;
				IPHONEOS_DEPLOYMENT_TARGET = 13.7;
				MTL_ENABLE_DEBUG_INFO = NO;
				MTL_FAST_MATH = YES;
				SDKROOT = iphoneos;
				SWIFT_COMPILATION_MODE = wholemodule;
				SWIFT_OPTIMIZATION_LEVEL = "-O";
				VALIDATE_PRODUCT = YES;
			};
			name = Release;
		};
		DFFF72472866430B0041E09E /* Debug */ = {
			isa = XCBuildConfiguration;
			buildSettings = {
				ASSETCATALOG_COMPILER_APPICON_NAME = AppIcon;
				CODE_SIGN_STYLE = Automatic;
				INFOPLIST_FILE = "BMI-part2/Info.plist";
				LD_RUNPATH_SEARCH_PATHS = (
					"$(inherited)",
					"@executable_path/Frameworks",
				);
				PRODUCT_BUNDLE_IDENTIFIER = "szhao.BMI-part2";
				PRODUCT_NAME = "$(TARGET_NAME)";
				SWIFT_VERSION = 5.0;
				TARGETED_DEVICE_FAMILY = "1,2";
			};
			name = Debug;
		};
		DFFF72482866430B0041E09E /* Release */ = {
			isa = XCBuildConfiguration;
			buildSettings = {
				ASSETCATALOG_COMPILER_APPICON_NAME = AppIcon;
				CODE_SIGN_STYLE = Automatic;
				INFOPLIST_FILE = "BMI-part2/Info.plist";
				LD_RUNPATH_SEARCH_PATHS = (
					"$(inherited)",
					"@executable_path/Frameworks",
				);
				PRODUCT_BUNDLE_IDENTIFIER = "szhao.BMI-part2";
				PRODUCT_NAME = "$(TARGET_NAME)";
				SWIFT_VERSION = 5.0;
				TARGETED_DEVICE_FAMILY = "1,2";
			};
			name = Release;
		};
/* End XCBuildConfiguration section */

/* Begin XCConfigurationList section */
		DFFF722D286643080041E09E /* Build configuration list for PBXProject "BMI-part2" */ = {
			isa = XCConfigurationList;
			buildConfigurations = (
				DFFF72442866430B0041E09E /* Debug */,
				DFFF72452866430B0041E09E /* Release */,
			);
			defaultConfigurationIsVisible = 0;
			defaultConfigurationName = Release;
		};
		DFFF72462866430B0041E09E /* Build configuration list for PBXNativeTarget "BMI-part2" */ = {
			isa = XCConfigurationList;
			buildConfigurations = (
				DFFF72472866430B0041E09E /* Debug */,
				DFFF72482866430B0041E09E /* Release */,
			);
			defaultConfigurationIsVisible = 0;
			defaultConfigurationName = Release;
		};
/* End XCConfigurationList section */
	};
	rootObject = DFFF722A286643080041E09E /* Project object */;
}
